// !$*UTF8*$!
{
	archiveVersion = 1;
	classes = {
	};
	objectVersion = 55;
	objects = {

/* Begin PBXBuildFile section */
		91400CAA27791616006A8E03 /* AppDelegate.swift in Sources */ = {isa = PBXBuildFile; fileRef = 91400CA927791616006A8E03 /* AppDelegate.swift */; };
		91400CAC27791616006A8E03 /* SceneDelegate.swift in Sources */ = {isa = PBXBuildFile; fileRef = 91400CAB27791616006A8E03 /* SceneDelegate.swift */; };
		91400CAE27791616006A8E03 /* HomeViewController.swift in Sources */ = {isa = PBXBuildFile; fileRef = 91400CAD27791616006A8E03 /* HomeViewController.swift */; };
		91400CB32779161B006A8E03 /* Assets.xcassets in Resources */ = {isa = PBXBuildFile; fileRef = 91400CB22779161B006A8E03 /* Assets.xcassets */; };
		91400CB62779161B006A8E03 /* LaunchScreen.storyboard in Resources */ = {isa = PBXBuildFile; fileRef = 91400CB42779161B006A8E03 /* LaunchScreen.storyboard */; };
		91400CC42779194E006A8E03 /* TabBarViewController.swift in Sources */ = {isa = PBXBuildFile; fileRef = 91400CC32779194E006A8E03 /* TabBarViewController.swift */; };
		91400CC727791A8C006A8E03 /* SearchViewController.swift in Sources */ = {isa = PBXBuildFile; fileRef = 91400CC627791A8C006A8E03 /* SearchViewController.swift */; };
		91400CC927791AB9006A8E03 /* LibraryViewController.swift in Sources */ = {isa = PBXBuildFile; fileRef = 91400CC827791AB9006A8E03 /* LibraryViewController.swift */; };
		91400CCD27791B1C006A8E03 /* AuthViewController.swift in Sources */ = {isa = PBXBuildFile; fileRef = 91400CCC27791B1C006A8E03 /* AuthViewController.swift */; };
		91400CCF27791B2C006A8E03 /* WelcomeViewController.swift in Sources */ = {isa = PBXBuildFile; fileRef = 91400CCE27791B2C006A8E03 /* WelcomeViewController.swift */; };
		91400CD127791B45006A8E03 /* SettingViewController.swift in Sources */ = {isa = PBXBuildFile; fileRef = 91400CD027791B45006A8E03 /* SettingViewController.swift */; };
		91400CD327791B58006A8E03 /* ProfileViewController.swift in Sources */ = {isa = PBXBuildFile; fileRef = 91400CD227791B58006A8E03 /* ProfileViewController.swift */; };
		91400CD527791B6C006A8E03 /* PlayerViewController.swift in Sources */ = {isa = PBXBuildFile; fileRef = 91400CD427791B6C006A8E03 /* PlayerViewController.swift */; };
		91400CD727791B8B006A8E03 /* PlaylistViewController.swift in Sources */ = {isa = PBXBuildFile; fileRef = 91400CD627791B8B006A8E03 /* PlaylistViewController.swift */; };
		91400CD927791BC4006A8E03 /* SearchResultsViewController.swift in Sources */ = {isa = PBXBuildFile; fileRef = 91400CD827791BC4006A8E03 /* SearchResultsViewController.swift */; };
		91400CDB27791BF2006A8E03 /* AuthManager.swift in Sources */ = {isa = PBXBuildFile; fileRef = 91400CDA27791BF2006A8E03 /* AuthManager.swift */; };
		91400CDD27791C14006A8E03 /* APICaller.swift in Sources */ = {isa = PBXBuildFile; fileRef = 91400CDC27791C14006A8E03 /* APICaller.swift */; };
		91400CDF27791C35006A8E03 /* HapticsManager.swift in Sources */ = {isa = PBXBuildFile; fileRef = 91400CDE27791C35006A8E03 /* HapticsManager.swift */; };
		91400CE127791C5C006A8E03 /* Playlist.swift in Sources */ = {isa = PBXBuildFile; fileRef = 91400CE027791C5C006A8E03 /* Playlist.swift */; };
		91400CE327791C75006A8E03 /* AudioTrack.swift in Sources */ = {isa = PBXBuildFile; fileRef = 91400CE227791C75006A8E03 /* AudioTrack.swift */; };
		91400CE527791C92006A8E03 /* Artist.swift in Sources */ = {isa = PBXBuildFile; fileRef = 91400CE427791C92006A8E03 /* Artist.swift */; };
		91400CE727791CAC006A8E03 /* UserProfile.swift in Sources */ = {isa = PBXBuildFile; fileRef = 91400CE627791CAC006A8E03 /* UserProfile.swift */; };
/* End PBXBuildFile section */

/* Begin PBXFileReference section */
		91400CA627791616006A8E03 /* Spotify-clone.app */ = {isa = PBXFileReference; explicitFileType = wrapper.application; includeInIndex = 0; path = "Spotify-clone.app"; sourceTree = BUILT_PRODUCTS_DIR; };
		91400CA927791616006A8E03 /* AppDelegate.swift */ = {isa = PBXFileReference; lastKnownFileType = sourcecode.swift; path = AppDelegate.swift; sourceTree = "<group>"; };
		91400CAB27791616006A8E03 /* SceneDelegate.swift */ = {isa = PBXFileReference; lastKnownFileType = sourcecode.swift; path = SceneDelegate.swift; sourceTree = "<group>"; };
		91400CAD27791616006A8E03 /* HomeViewController.swift */ = {isa = PBXFileReference; lastKnownFileType = sourcecode.swift; path = HomeViewController.swift; sourceTree = "<group>"; };
		91400CB22779161B006A8E03 /* Assets.xcassets */ = {isa = PBXFileReference; lastKnownFileType = folder.assetcatalog; path = Assets.xcassets; sourceTree = "<group>"; };
		91400CB52779161B006A8E03 /* Base */ = {isa = PBXFileReference; lastKnownFileType = file.storyboard; name = Base; path = Base.lproj/LaunchScreen.storyboard; sourceTree = "<group>"; };
		91400CB72779161B006A8E03 /* Info.plist */ = {isa = PBXFileReference; lastKnownFileType = text.plist.xml; path = Info.plist; sourceTree = "<group>"; };
		91400CC32779194E006A8E03 /* TabBarViewController.swift */ = {isa = PBXFileReference; lastKnownFileType = sourcecode.swift; path = TabBarViewController.swift; sourceTree = "<group>"; };
		91400CC627791A8C006A8E03 /* SearchViewController.swift */ = {isa = PBXFileReference; lastKnownFileType = sourcecode.swift; path = SearchViewController.swift; sourceTree = "<group>"; };
		91400CC827791AB9006A8E03 /* LibraryViewController.swift */ = {isa = PBXFileReference; lastKnownFileType = sourcecode.swift; path = LibraryViewController.swift; sourceTree = "<group>"; };
		91400CCC27791B1C006A8E03 /* AuthViewController.swift */ = {isa = PBXFileReference; lastKnownFileType = sourcecode.swift; path = AuthViewController.swift; sourceTree = "<group>"; };
		91400CCE27791B2C006A8E03 /* WelcomeViewController.swift */ = {isa = PBXFileReference; lastKnownFileType = sourcecode.swift; path = WelcomeViewController.swift; sourceTree = "<group>"; };
		91400CD027791B45006A8E03 /* SettingViewController.swift */ = {isa = PBXFileReference; lastKnownFileType = sourcecode.swift; path = SettingViewController.swift; sourceTree = "<group>"; };
		91400CD227791B58006A8E03 /* ProfileViewController.swift */ = {isa = PBXFileReference; lastKnownFileType = sourcecode.swift; path = ProfileViewController.swift; sourceTree = "<group>"; };
		91400CD427791B6C006A8E03 /* PlayerViewController.swift */ = {isa = PBXFileReference; lastKnownFileType = sourcecode.swift; path = PlayerViewController.swift; sourceTree = "<group>"; };
		91400CD627791B8B006A8E03 /* PlaylistViewController.swift */ = {isa = PBXFileReference; lastKnownFileType = sourcecode.swift; path = PlaylistViewController.swift; sourceTree = "<group>"; };
		91400CD827791BC4006A8E03 /* SearchResultsViewController.swift */ = {isa = PBXFileReference; lastKnownFileType = sourcecode.swift; path = SearchResultsViewController.swift; sourceTree = "<group>"; };
		91400CDA27791BF2006A8E03 /* AuthManager.swift */ = {isa = PBXFileReference; lastKnownFileType = sourcecode.swift; path = AuthManager.swift; sourceTree = "<group>"; };
		91400CDC27791C14006A8E03 /* APICaller.swift */ = {isa = PBXFileReference; lastKnownFileType = sourcecode.swift; path = APICaller.swift; sourceTree = "<group>"; };
		91400CDE27791C35006A8E03 /* HapticsManager.swift */ = {isa = PBXFileReference; lastKnownFileType = sourcecode.swift; path = HapticsManager.swift; sourceTree = "<group>"; };
		91400CE027791C5C006A8E03 /* Playlist.swift */ = {isa = PBXFileReference; lastKnownFileType = sourcecode.swift; path = Playlist.swift; sourceTree = "<group>"; };
		91400CE227791C75006A8E03 /* AudioTrack.swift */ = {isa = PBXFileReference; lastKnownFileType = sourcecode.swift; path = AudioTrack.swift; sourceTree = "<group>"; };
		91400CE427791C92006A8E03 /* Artist.swift */ = {isa = PBXFileReference; lastKnownFileType = sourcecode.swift; path = Artist.swift; sourceTree = "<group>"; };
		91400CE627791CAC006A8E03 /* UserProfile.swift */ = {isa = PBXFileReference; lastKnownFileType = sourcecode.swift; path = UserProfile.swift; sourceTree = "<group>"; };
/* End PBXFileReference section */

/* Begin PBXFrameworksBuildPhase section */
		91400CA327791616006A8E03 /* Frameworks */ = {
			isa = PBXFrameworksBuildPhase;
			buildActionMask = 2147483647;
			files = (
			);
			runOnlyForDeploymentPostprocessing = 0;
		};
/* End PBXFrameworksBuildPhase section */

/* Begin PBXGroup section */
		91400C9D27791616006A8E03 = {
			isa = PBXGroup;
			children = (
				91400CA827791616006A8E03 /* Spotify-clone */,
				91400CA727791616006A8E03 /* Products */,
			);
			sourceTree = "<group>";
		};
		91400CA727791616006A8E03 /* Products */ = {
			isa = PBXGroup;
			children = (
				91400CA627791616006A8E03 /* Spotify-clone.app */,
			);
			name = Products;
			sourceTree = "<group>";
		};
		91400CA827791616006A8E03 /* Spotify-clone */ = {
			isa = PBXGroup;
			children = (
				91400CC227791692006A8E03 /* Resources */,
				91400CC127791681006A8E03 /* Managers */,
				91400CC02779166B006A8E03 /* ViewModels */,
				91400CBF2779165B006A8E03 /* Models */,
				91400CBE27791654006A8E03 /* Views */,
				91400CBD2779164D006A8E03 /* Controllers */,
				91400CB72779161B006A8E03 /* Info.plist */,
			);
			path = "Spotify-clone";
			sourceTree = "<group>";
		};
		91400CBD2779164D006A8E03 /* Controllers */ = {
			isa = PBXGroup;
			children = (
				91400CCB27791AF2006A8E03 /* Other */,
				91400CCA27791AD4006A8E03 /* Core */,
			);
			path = Controllers;
			sourceTree = "<group>";
		};
		91400CBE27791654006A8E03 /* Views */ = {
			isa = PBXGroup;
			children = (
				91400CB42779161B006A8E03 /* LaunchScreen.storyboard */,
			);
			path = Views;
			sourceTree = "<group>";
		};
		91400CBF2779165B006A8E03 /* Models */ = {
			isa = PBXGroup;
			children = (
				91400CE027791C5C006A8E03 /* Playlist.swift */,
				91400CE227791C75006A8E03 /* AudioTrack.swift */,
				91400CE427791C92006A8E03 /* Artist.swift */,
				91400CE627791CAC006A8E03 /* UserProfile.swift */,
			);
			path = Models;
			sourceTree = "<group>";
		};
		91400CC02779166B006A8E03 /* ViewModels */ = {
			isa = PBXGroup;
			children = (
			);
			path = ViewModels;
			sourceTree = "<group>";
		};
		91400CC127791681006A8E03 /* Managers */ = {
			isa = PBXGroup;
			children = (
				91400CDA27791BF2006A8E03 /* AuthManager.swift */,
				91400CDC27791C14006A8E03 /* APICaller.swift */,
				91400CDE27791C35006A8E03 /* HapticsManager.swift */,
			);
			path = Managers;
			sourceTree = "<group>";
		};
		91400CC227791692006A8E03 /* Resources */ = {
			isa = PBXGroup;
			children = (
				91400CA927791616006A8E03 /* AppDelegate.swift */,
				91400CAB27791616006A8E03 /* SceneDelegate.swift */,
				91400CB22779161B006A8E03 /* Assets.xcassets */,
			);
			path = Resources;
			sourceTree = "<group>";
		};
		91400CCA27791AD4006A8E03 /* Core */ = {
			isa = PBXGroup;
			children = (
				91400CC32779194E006A8E03 /* TabBarViewController.swift */,
				91400CAD27791616006A8E03 /* HomeViewController.swift */,
				91400CC627791A8C006A8E03 /* SearchViewController.swift */,
				91400CC827791AB9006A8E03 /* LibraryViewController.swift */,
			);
			path = Core;
			sourceTree = "<group>";
		};
		91400CCB27791AF2006A8E03 /* Other */ = {
			isa = PBXGroup;
			children = (
				91400CCC27791B1C006A8E03 /* AuthViewController.swift */,
				91400CCE27791B2C006A8E03 /* WelcomeViewController.swift */,
				91400CD027791B45006A8E03 /* SettingViewController.swift */,
				91400CD227791B58006A8E03 /* ProfileViewController.swift */,
				91400CD427791B6C006A8E03 /* PlayerViewController.swift */,
				91400CD627791B8B006A8E03 /* PlaylistViewController.swift */,
				91400CD827791BC4006A8E03 /* SearchResultsViewController.swift */,
			);
			path = Other;
			sourceTree = "<group>";
		};
/* End PBXGroup section */

/* Begin PBXNativeTarget section */
		91400CA527791616006A8E03 /* Spotify-clone */ = {
			isa = PBXNativeTarget;
			buildConfigurationList = 91400CBA2779161B006A8E03 /* Build configuration list for PBXNativeTarget "Spotify-clone" */;
			buildPhases = (
				91400CA227791616006A8E03 /* Sources */,
				91400CA327791616006A8E03 /* Frameworks */,
				91400CA427791616006A8E03 /* Resources */,
			);
			buildRules = (
			);
			dependencies = (
			);
			name = "Spotify-clone";
			productName = "Spotify-clone";
			productReference = 91400CA627791616006A8E03 /* Spotify-clone.app */;
			productType = "com.apple.product-type.application";
		};
/* End PBXNativeTarget section */

/* Begin PBXProject section */
		91400C9E27791616006A8E03 /* Project object */ = {
			isa = PBXProject;
			attributes = {
				BuildIndependentTargetsInParallel = 1;
				LastSwiftUpdateCheck = 1320;
				LastUpgradeCheck = 1320;
				TargetAttributes = {
					91400CA527791616006A8E03 = {
						CreatedOnToolsVersion = 13.2.1;
					};
				};
			};
			buildConfigurationList = 91400CA127791616006A8E03 /* Build configuration list for PBXProject "Spotify-clone" */;
			compatibilityVersion = "Xcode 13.0";
			developmentRegion = en;
			hasScannedForEncodings = 0;
			knownRegions = (
				en,
				Base,
			);
			mainGroup = 91400C9D27791616006A8E03;
			productRefGroup = 91400CA727791616006A8E03 /* Products */;
			projectDirPath = "";
			projectRoot = "";
			targets = (
				91400CA527791616006A8E03 /* Spotify-clone */,
			);
		};
/* End PBXProject section */

/* Begin PBXResourcesBuildPhase section */
		91400CA427791616006A8E03 /* Resources */ = {
			isa = PBXResourcesBuildPhase;
			buildActionMask = 2147483647;
			files = (
				91400CB62779161B006A8E03 /* LaunchScreen.storyboard in Resources */,
				91400CB32779161B006A8E03 /* Assets.xcassets in Resources */,
			);
			runOnlyForDeploymentPostprocessing = 0;
		};
/* End PBXResourcesBuildPhase section */

/* Begin PBXSourcesBuildPhase section */
		91400CA227791616006A8E03 /* Sources */ = {
			isa = PBXSourcesBuildPhase;
			buildActionMask = 2147483647;
			files = (
				91400CC727791A8C006A8E03 /* SearchViewController.swift in Sources */,
				91400CE127791C5C006A8E03 /* Playlist.swift in Sources */,
				91400CDB27791BF2006A8E03 /* AuthManager.swift in Sources */,
				91400CD927791BC4006A8E03 /* SearchResultsViewController.swift in Sources */,
				91400CCF27791B2C006A8E03 /* WelcomeViewController.swift in Sources */,
				91400CD327791B58006A8E03 /* ProfileViewController.swift in Sources */,
				91400CC42779194E006A8E03 /* TabBarViewController.swift in Sources */,
				91400CDF27791C35006A8E03 /* HapticsManager.swift in Sources */,
				91400CE327791C75006A8E03 /* AudioTrack.swift in Sources */,
				91400CAE27791616006A8E03 /* HomeViewController.swift in Sources */,
				91400CCD27791B1C006A8E03 /* AuthViewController.swift in Sources */,
				91400CD127791B45006A8E03 /* SettingViewController.swift in Sources */,
				91400CE727791CAC006A8E03 /* UserProfile.swift in Sources */,
				91400CAA27791616006A8E03 /* AppDelegate.swift in Sources */,
				91400CE527791C92006A8E03 /* Artist.swift in Sources */,
				91400CD727791B8B006A8E03 /* PlaylistViewController.swift in Sources */,
				91400CC927791AB9006A8E03 /* LibraryViewController.swift in Sources */,
				91400CD527791B6C006A8E03 /* PlayerViewController.swift in Sources */,
				91400CDD27791C14006A8E03 /* APICaller.swift in Sources */,
				91400CAC27791616006A8E03 /* SceneDelegate.swift in Sources */,
			);
			runOnlyForDeploymentPostprocessing = 0;
		};
/* End PBXSourcesBuildPhase section */

/* Begin PBXVariantGroup section */
		91400CB42779161B006A8E03 /* LaunchScreen.storyboard */ = {
			isa = PBXVariantGroup;
			children = (
				91400CB52779161B006A8E03 /* Base */,
			);
			name = LaunchScreen.storyboard;
			sourceTree = "<group>";
		};
/* End PBXVariantGroup section */

/* Begin XCBuildConfiguration section */
		91400CB82779161B006A8E03 /* Debug */ = {
			isa = XCBuildConfiguration;
			buildSettings = {
				ALWAYS_SEARCH_USER_PATHS = NO;
				CLANG_ANALYZER_NONNULL = YES;
				CLANG_ANALYZER_NUMBER_OBJECT_CONVERSION = YES_AGGRESSIVE;
				CLANG_CXX_LANGUAGE_STANDARD = "gnu++17";
				CLANG_CXX_LIBRARY = "libc++";
				CLANG_ENABLE_MODULES = YES;
				CLANG_ENABLE_OBJC_ARC = YES;
				CLANG_ENABLE_OBJC_WEAK = YES;
				CLANG_WARN_BLOCK_CAPTURE_AUTORELEASING = YES;
				CLANG_WARN_BOOL_CONVERSION = YES;
				CLANG_WARN_COMMA = YES;
				CLANG_WARN_CONSTANT_CONVERSION = YES;
				CLANG_WARN_DEPRECATED_OBJC_IMPLEMENTATIONS = YES;
				CLANG_WARN_DIRECT_OBJC_ISA_USAGE = YES_ERROR;
				CLANG_WARN_DOCUMENTATION_COMMENTS = YES;
				CLANG_WARN_EMPTY_BODY = YES;
				CLANG_WARN_ENUM_CONVERSION = YES;
				CLANG_WARN_INFINITE_RECURSION = YES;
				CLANG_WARN_INT_CONVERSION = YES;
				CLANG_WARN_NON_LITERAL_NULL_CONVERSION = YES;
				CLANG_WARN_OBJC_IMPLICIT_RETAIN_SELF = YES;
				CLANG_WARN_OBJC_LITERAL_CONVERSION = YES;
				CLANG_WARN_OBJC_ROOT_CLASS = YES_ERROR;
				CLANG_WARN_QUOTED_INCLUDE_IN_FRAMEWORK_HEADER = YES;
				CLANG_WARN_RANGE_LOOP_ANALYSIS = YES;
				CLANG_WARN_STRICT_PROTOTYPES = YES;
				CLANG_WARN_SUSPICIOUS_MOVE = YES;
				CLANG_WARN_UNGUARDED_AVAILABILITY = YES_AGGRESSIVE;
				CLANG_WARN_UNREACHABLE_CODE = YES;
				CLANG_WARN__DUPLICATE_METHOD_MATCH = YES;
				COPY_PHASE_STRIP = NO;
				DEBUG_INFORMATION_FORMAT = dwarf;
				ENABLE_STRICT_OBJC_MSGSEND = YES;
				ENABLE_TESTABILITY = YES;
				GCC_C_LANGUAGE_STANDARD = gnu11;
				GCC_DYNAMIC_NO_PIC = NO;
				GCC_NO_COMMON_BLOCKS = YES;
				GCC_OPTIMIZATION_LEVEL = 0;
				GCC_PREPROCESSOR_DEFINITIONS = (
					"DEBUG=1",
					"$(inherited)",
				);
				GCC_WARN_64_TO_32_BIT_CONVERSION = YES;
				GCC_WARN_ABOUT_RETURN_TYPE = YES_ERROR;
				GCC_WARN_UNDECLARED_SELECTOR = YES;
				GCC_WARN_UNINITIALIZED_AUTOS = YES_AGGRESSIVE;
				GCC_WARN_UNUSED_FUNCTION = YES;
				GCC_WARN_UNUSED_VARIABLE = YES;
				IPHONEOS_DEPLOYMENT_TARGET = 15.2;
				MTL_ENABLE_DEBUG_INFO = INCLUDE_SOURCE;
				MTL_FAST_MATH = YES;
				ONLY_ACTIVE_ARCH = YES;
				SDKROOT = iphoneos;
				SWIFT_ACTIVE_COMPILATION_CONDITIONS = DEBUG;
				SWIFT_OPTIMIZATION_LEVEL = "-Onone";
			};
			name = Debug;
		};
		91400CB92779161B006A8E03 /* Release */ = {
			isa = XCBuildConfiguration;
			buildSettings = {
				ALWAYS_SEARCH_USER_PATHS = NO;
				CLANG_ANALYZER_NONNULL = YES;
				CLANG_ANALYZER_NUMBER_OBJECT_CONVERSION = YES_AGGRESSIVE;
				CLANG_CXX_LANGUAGE_STANDARD = "gnu++17";
				CLANG_CXX_LIBRARY = "libc++";
				CLANG_ENABLE_MODULES = YES;
				CLANG_ENABLE_OBJC_ARC = YES;
				CLANG_ENABLE_OBJC_WEAK = YES;
				CLANG_WARN_BLOCK_CAPTURE_AUTORELEASING = YES;
				CLANG_WARN_BOOL_CONVERSION = YES;
				CLANG_WARN_COMMA = YES;
				CLANG_WARN_CONSTANT_CONVERSION = YES;
				CLANG_WARN_DEPRECATED_OBJC_IMPLEMENTATIONS = YES;
				CLANG_WARN_DIRECT_OBJC_ISA_USAGE = YES_ERROR;
				CLANG_WARN_DOCUMENTATION_COMMENTS = YES;
				CLANG_WARN_EMPTY_BODY = YES;
				CLANG_WARN_ENUM_CONVERSION = YES;
				CLANG_WARN_INFINITE_RECURSION = YES;
				CLANG_WARN_INT_CONVERSION = YES;
				CLANG_WARN_NON_LITERAL_NULL_CONVERSION = YES;
				CLANG_WARN_OBJC_IMPLICIT_RETAIN_SELF = YES;
				CLANG_WARN_OBJC_LITERAL_CONVERSION = YES;
				CLANG_WARN_OBJC_ROOT_CLASS = YES_ERROR;
				CLANG_WARN_QUOTED_INCLUDE_IN_FRAMEWORK_HEADER = YES;
				CLANG_WARN_RANGE_LOOP_ANALYSIS = YES;
				CLANG_WARN_STRICT_PROTOTYPES = YES;
				CLANG_WARN_SUSPICIOUS_MOVE = YES;
				CLANG_WARN_UNGUARDED_AVAILABILITY = YES_AGGRESSIVE;
				CLANG_WARN_UNREACHABLE_CODE = YES;
				CLANG_WARN__DUPLICATE_METHOD_MATCH = YES;
				COPY_PHASE_STRIP = NO;
				DEBUG_INFORMATION_FORMAT = "dwarf-with-dsym";
				ENABLE_NS_ASSERTIONS = NO;
				ENABLE_STRICT_OBJC_MSGSEND = YES;
				GCC_C_LANGUAGE_STANDARD = gnu11;
				GCC_NO_COMMON_BLOCKS = YES;
				GCC_WARN_64_TO_32_BIT_CONVERSION = YES;
				GCC_WARN_ABOUT_RETURN_TYPE = YES_ERROR;
				GCC_WARN_UNDECLARED_SELECTOR = YES;
				GCC_WARN_UNINITIALIZED_AUTOS = YES_AGGRESSIVE;
				GCC_WARN_UNUSED_FUNCTION = YES;
				GCC_WARN_UNUSED_VARIABLE = YES;
				IPHONEOS_DEPLOYMENT_TARGET = 15.2;
				MTL_ENABLE_DEBUG_INFO = NO;
				MTL_FAST_MATH = YES;
				SDKROOT = iphoneos;
				SWIFT_COMPILATION_MODE = wholemodule;
				SWIFT_OPTIMIZATION_LEVEL = "-O";
				VALIDATE_PRODUCT = YES;
			};
			name = Release;
		};
		91400CBB2779161B006A8E03 /* Debug */ = {
			isa = XCBuildConfiguration;
			buildSettings = {
				ASSETCATALOG_COMPILER_APPICON_NAME = AppIcon;
				ASSETCATALOG_COMPILER_GLOBAL_ACCENT_COLOR_NAME = AccentColor;
				CODE_SIGN_STYLE = Automatic;
				CURRENT_PROJECT_VERSION = 1;
				DEVELOPMENT_TEAM = 6MN73S2J23;
				GENERATE_INFOPLIST_FILE = YES;
				INFOPLIST_FILE = "Spotify-clone/Info.plist";
				INFOPLIST_KEY_UIApplicationSupportsIndirectInputEvents = YES;
				INFOPLIST_KEY_UILaunchStoryboardName = LaunchScreen;
				INFOPLIST_KEY_UISupportedInterfaceOrientations_iPad = "UIInterfaceOrientationPortrait UIInterfaceOrientationPortraitUpsideDown UIInterfaceOrientationLandscapeLeft UIInterfaceOrientationLandscapeRight";
				INFOPLIST_KEY_UISupportedInterfaceOrientations_iPhone = "UIInterfaceOrientationPortrait UIInterfaceOrientationLandscapeLeft UIInterfaceOrientationLandscapeRight";
				LD_RUNPATH_SEARCH_PATHS = (
					"$(inherited)",
					"@executable_path/Frameworks",
				);
				MARKETING_VERSION = 1.0;
				PRODUCT_BUNDLE_IDENTIFIER = "com.felipe.Spotify-clone";
				PRODUCT_NAME = "$(TARGET_NAME)";
				SWIFT_EMIT_LOC_STRINGS = YES;
				SWIFT_VERSION = 5.0;
				TARGETED_DEVICE_FAMILY = "1,2";
			};
			name = Debug;
		};
		91400CBC2779161B006A8E03 /* Release */ = {
			isa = XCBuildConfiguration;
			buildSettings = {
				ASSETCATALOG_COMPILER_APPICON_NAME = AppIcon;
				ASSETCATALOG_COMPILER_GLOBAL_ACCENT_COLOR_NAME = AccentColor;
				CODE_SIGN_STYLE = Automatic;
				CURRENT_PROJECT_VERSION = 1;
				DEVELOPMENT_TEAM = 6MN73S2J23;
				GENERATE_INFOPLIST_FILE = YES;
				INFOPLIST_FILE = "Spotify-clone/Info.plist";
				INFOPLIST_KEY_UIApplicationSupportsIndirectInputEvents = YES;
				INFOPLIST_KEY_UILaunchStoryboardName = LaunchScreen;
				INFOPLIST_KEY_UISupportedInterfaceOrientations_iPad = "UIInterfaceOrientationPortrait UIInterfaceOrientationPortraitUpsideDown UIInterfaceOrientationLandscapeLeft UIInterfaceOrientationLandscapeRight";
				INFOPLIST_KEY_UISupportedInterfaceOrientations_iPhone = "UIInterfaceOrientationPortrait UIInterfaceOrientationLandscapeLeft UIInterfaceOrientationLandscapeRight";
				LD_RUNPATH_SEARCH_PATHS = (
					"$(inherited)",
					"@executable_path/Frameworks",
				);
				MARKETING_VERSION = 1.0;
				PRODUCT_BUNDLE_IDENTIFIER = "com.felipe.Spotify-clone";
				PRODUCT_NAME = "$(TARGET_NAME)";
				SWIFT_EMIT_LOC_STRINGS = YES;
				SWIFT_VERSION = 5.0;
				TARGETED_DEVICE_FAMILY = "1,2";
			};
			name = Release;
		};
/* End XCBuildConfiguration section */

/* Begin XCConfigurationList section */
		91400CA127791616006A8E03 /* Build configuration list for PBXProject "Spotify-clone" */ = {
			isa = XCConfigurationList;
			buildConfigurations = (
				91400CB82779161B006A8E03 /* Debug */,
				91400CB92779161B006A8E03 /* Release */,
			);
			defaultConfigurationIsVisible = 0;
			defaultConfigurationName = Release;
		};
		91400CBA2779161B006A8E03 /* Build configuration list for PBXNativeTarget "Spotify-clone" */ = {
			isa = XCConfigurationList;
			buildConfigurations = (
				91400CBB2779161B006A8E03 /* Debug */,
				91400CBC2779161B006A8E03 /* Release */,
			);
			defaultConfigurationIsVisible = 0;
			defaultConfigurationName = Release;
		};
/* End XCConfigurationList section */
	};
	rootObject = 91400C9E27791616006A8E03 /* Project object */;
}
